{
  "version": 4,
  "terraform_version": "1.6.3",
  "serial": 5,
  "lineage": "bd6f02ea-07dd-0812-fb8c-195630c44479",
  "outputs": {
    "db_instance_connection_name": {
      "value": "desafio-tripulaciones-2:europe-west1:mmi-bbdd-prueba",
      "type": "string"
    }
  },
  "resources": [
    {
      "mode": "managed",
      "type": "google_project_service",
      "name": "sql",
      "provider": "provider[\"registry.terraform.io/hashicorp/google\"]",
      "instances": [
        {
          "schema_version": 0,
          "attributes": {
            "disable_dependent_services": null,
            "disable_on_destroy": true,
            "id": "desafio-tripulaciones-2/sqladmin.googleapis.com",
            "project": "desafio-tripulaciones-2",
            "service": "sqladmin.googleapis.com",
            "timeouts": null
          },
          "sensitive_attributes": [],
          "private": "eyJlMmJmYjczMC1lY2FhLTExZTYtOGY4OC0zNDM2M2JjN2M0YzAiOnsiY3JlYXRlIjoxMjAwMDAwMDAwMDAwLCJkZWxldGUiOjEyMDAwMDAwMDAwMDAsInJlYWQiOjYwMDAwMDAwMDAwMCwidXBkYXRlIjoxMjAwMDAwMDAwMDAwfX0="
        }
      ]
    },
    {
      "mode": "managed",
      "type": "google_sql_database",
      "name": "example",
      "provider": "provider[\"registry.terraform.io/hashicorp/google\"]",
      "instances": [
        {
          "schema_version": 0,
          "attributes": {
            "charset": "UTF8",
            "collation": "en_US.UTF8",
            "deletion_policy": "DELETE",
            "id": "projects/desafio-tripulaciones-2/instances/mmi-bbdd-prueba/databases/mi-bbdd-prueba",
            "instance": "mmi-bbdd-prueba",
            "name": "mi-bbdd-prueba",
            "project": "desafio-tripulaciones-2",
            "self_link": "https://sqladmin.googleapis.com/sql/v1beta4/projects/desafio-tripulaciones-2/instances/mmi-bbdd-prueba/databases/mi-bbdd-prueba",
            "timeouts": null
          },
          "sensitive_attributes": [],
          "private": "eyJlMmJmYjczMC1lY2FhLTExZTYtOGY4OC0zNDM2M2JjN2M0YzAiOnsiY3JlYXRlIjoxMjAwMDAwMDAwMDAwLCJkZWxldGUiOjEyMDAwMDAwMDAwMDAsInVwZGF0ZSI6MTIwMDAwMDAwMDAwMH19",
          "dependencies": [
            "google_project_service.sql",
            "google_sql_database_instance.example"
          ]
        }
      ]
    },
    {
      "mode": "managed",
      "type": "google_sql_database_instance",
      "name": "example",
      "provider": "provider[\"registry.terraform.io/hashicorp/google\"]",
      "instances": [
        {
          "schema_version": 0,
          "attributes": {
            "available_maintenance_versions": [],
            "clone": [],
            "connection_name": "desafio-tripulaciones-2:europe-west1:mmi-bbdd-prueba",
            "database_version": "POSTGRES_15",
            "deletion_protection": true,
            "dns_name": "",
            "encryption_key_name": null,
            "first_ip_address": "35.205.244.59",
            "id": "mmi-bbdd-prueba",
            "instance_type": "CLOUD_SQL_INSTANCE",
            "ip_address": [
              {
                "ip_address": "35.205.244.59",
                "time_to_retire": "",
                "type": "PRIMARY"
              },
              {
                "ip_address": "35.195.181.79",
                "time_to_retire": "",
                "type": "OUTGOING"
              }
            ],
            "maintenance_version": "POSTGRES_15_4.R20230830.01_07",
            "master_instance_name": "",
            "name": "mmi-bbdd-prueba",
            "private_ip_address": "",
            "project": "desafio-tripulaciones-2",
            "psc_service_attachment_link": "",
            "public_ip_address": "35.205.244.59",
            "region": "europe-west1",
            "replica_configuration": [],
            "restore_backup_context": [],
            "root_password": null,
            "self_link": "https://sqladmin.googleapis.com/sql/v1beta4/projects/desafio-tripulaciones-2/instances/mmi-bbdd-prueba",
            "server_ca_cert": [
              {
                "cert": "-----BEGIN CERTIFICATE-----\nMIIDfzCCAmegAwIBAgIBADANBgkqhkiG9w0BAQsFADB3MS0wKwYDVQQuEyQ3NGM0\nY2M5Mi1hOTIwLTQwM2UtYmE3OC04MGFkMmQ1OGMxZDcxIzAhBgNVBAMTGkdvb2ds\nZSBDbG91ZCBTUUwgU2VydmVyIENBMRQwEgYDVQQKEwtHb29nbGUsIEluYzELMAkG\nA1UEBhMCVVMwHhcNMjQwMTEyMTAxMzU5WhcNMzQwMTA5MTAxNDU5WjB3MS0wKwYD\nVQQuEyQ3NGM0Y2M5Mi1hOTIwLTQwM2UtYmE3OC04MGFkMmQ1OGMxZDcxIzAhBgNV\nBAMTGkdvb2dsZSBDbG91ZCBTUUwgU2VydmVyIENBMRQwEgYDVQQKEwtHb29nbGUs\nIEluYzELMAkGA1UEBhMCVVMwggEiMA0GCSqGSIb3DQEBAQUAA4IBDwAwggEKAoIB\nAQCZyvA6cfucdacIuuQnkPGPl6T6G442B8PsDR668OVx4Zuwtvmq7WEkpFaIquLJ\nJ0wh+S1D9gLMV/C2XrBCm/hNqLzwCIJ3GZigipjgoZRV5k7DG3tsCdRW+3bjKhg7\nCinD8A3zRn4enuGNWvje2stnQrh2BzR5asEEf8nAEyjLal7P/8Zr1CjOznt+r2nj\nY5kUBeH40dW3l5T7YkHP1RVHmObLnoVQuLXWi/b0vgUkyYsfPz9vkRRZNbwoENMM\nzCBtbegReaXGoqXSV4Z2HtWrSBgKFp4XmBtG7ohQUPqV36fUvkyH3rbfWXa415FA\nRLWJ9YwdivYYStCYO5uYwDftAgMBAAGjFjAUMBIGA1UdEwEB/wQIMAYBAf8CAQAw\nDQYJKoZIhvcNAQELBQADggEBAI1ti7N/kS2Z5n6kY8PNTSvk5xOFs6swbLUDpBj5\njDsjWv3ErUBpJSUNjwyD4AVdoehcLnZEAep06pcN+9OPqQNCLY89LZ3D0aQ8YFM5\nB5fwqj0pZXwSdVHL3qTi0H6Z3d1PzDpDBWrdW5TOmw3WQdXESBdsIoPkycEknpky\nGNy3nQrWmkiAK4f+PfKg5l6wM3dlD+Q/muh17PBL4Xa11skuDe1Tc/lDpahkB8jf\nfvKFQad7M42kwFVHVxTUlmd/3igpg648anJ2r+A2AhZu9uMF7cQZPB7nqnlNa7BI\nfw3a0cTbLhPQ5X3CJlce5txut20EqCf8HMs1MsJKFVC3cg4=\n-----END CERTIFICATE-----",
                "common_name": "C=US,O=Google\\, Inc,CN=Google Cloud SQL Server CA,dnQualifier=74c4cc92-a920-403e-ba78-80ad2d58c1d7",
                "create_time": "2024-01-12T10:13:59.078Z",
                "expiration_time": "2034-01-09T10:14:59.078Z",
                "sha1_fingerprint": "d25221fe9f66a671b2ee7c08620e8f983d7fd3e4"
              }
            ],
            "service_account_email_address": "p214133582880-juxsme@gcp-sa-cloud-sql.iam.gserviceaccount.com",
            "settings": [
              {
                "activation_policy": "ALWAYS",
                "active_directory_config": [],
                "advanced_machine_features": [],
                "availability_type": "ZONAL",
                "backup_configuration": [
                  {
                    "backup_retention_settings": [
                      {
                        "retained_backups": 7,
                        "retention_unit": "COUNT"
                      }
                    ],
                    "binary_log_enabled": false,
                    "enabled": false,
                    "location": "",
                    "point_in_time_recovery_enabled": false,
                    "start_time": "08:00",
                    "transaction_log_retention_days": 7
                  }
                ],
                "collation": "",
                "connector_enforcement": "NOT_REQUIRED",
                "data_cache_config": [],
                "database_flags": [],
                "deletion_protection_enabled": false,
                "deny_maintenance_period": [],
                "disk_autoresize": true,
                "disk_autoresize_limit": 0,
                "disk_size": 10,
                "disk_type": "PD_SSD",
                "edition": "ENTERPRISE",
                "insights_config": [],
                "ip_configuration": [
                  {
                    "allocated_ip_range": "",
                    "authorized_networks": [
                      {
                        "expiration_time": "",
                        "name": "allow-db-access",
                        "value": "0.0.0.0/0"
                      }
                    ],
                    "enable_private_path_for_google_cloud_services": false,
                    "ipv4_enabled": true,
                    "private_network": "",
                    "psc_config": [],
                    "require_ssl": false,
                    "ssl_mode": ""
                  }
                ],
                "location_preference": [
                  {
                    "follow_gae_application": "",
                    "secondary_zone": "",
                    "zone": "europe-west1-d"
                  }
                ],
                "maintenance_window": [],
                "password_validation_policy": [],
                "pricing_plan": "PER_USE",
                "sql_server_audit_config": [],
                "tier": "db-f1-micro",
                "time_zone": "",
                "user_labels": {},
                "version": 1
              }
            ],
            "timeouts": null
          },
          "sensitive_attributes": [],
          "private": "eyJlMmJmYjczMC1lY2FhLTExZTYtOGY4OC0zNDM2M2JjN2M0YzAiOnsiY3JlYXRlIjoyNDAwMDAwMDAwMDAwLCJkZWxldGUiOjE4MDAwMDAwMDAwMDAsInVwZGF0ZSI6MTgwMDAwMDAwMDAwMH19",
          "dependencies": [
            "google_project_service.sql"
          ]
        }
      ]
    },
    {
      "mode": "managed",
      "type": "google_sql_user",
      "name": "example",
      "provider": "provider[\"registry.terraform.io/hashicorp/google\"]",
      "instances": [
        {
          "schema_version": 1,
          "attributes": {
            "deletion_policy": null,
            "host": "",
            "id": "POSTGRESS//mmi-bbdd-prueba",
            "instance": "mmi-bbdd-prueba",
            "name": "POSTGRESS",
            "password": "mghu_LnU1bFRKllBT5XD3IRVbCqUkC69LFr2Ds0Ik",
            "password_policy": [],
            "project": "desafio-tripulaciones-2",
            "sql_server_user_details": [],
            "timeouts": null,
            "type": ""
          },
          "sensitive_attributes": [],
          "private": "eyJlMmJmYjczMC1lY2FhLTExZTYtOGY4OC0zNDM2M2JjN2M0YzAiOnsiY3JlYXRlIjo2MDAwMDAwMDAwMDAsImRlbGV0ZSI6NjAwMDAwMDAwMDAwLCJ1cGRhdGUiOjYwMDAwMDAwMDAwMH0sInNjaGVtYV92ZXJzaW9uIjoiMSJ9",
          "dependencies": [
            "google_project_service.sql",
            "google_sql_database_instance.example"
          ]
        }
      ]
    }
  ],
  "check_results": null
}
